// !$*UTF8*$!
{
	archiveVersion = 1;
	classes = {
	};
	objectVersion = 55;
	objects = {

/* Begin PBXBuildFile section */
		42F51CF2A5B604579C721C72 /* Pods_FlixterTests.framework in Frameworks */ = {isa = PBXBuildFile; fileRef = 9605795E2C6DFF8DEFEC75BC /* Pods_FlixterTests.framework */; };
		4E70E585285A470500771048 /* AppDelegate.m in Sources */ = {isa = PBXBuildFile; fileRef = 4E70E584285A470500771048 /* AppDelegate.m */; };
		4E70E588285A470500771048 /* SceneDelegate.m in Sources */ = {isa = PBXBuildFile; fileRef = 4E70E587285A470500771048 /* SceneDelegate.m */; };
		4E70E58E285A470500771048 /* Main.storyboard in Resources */ = {isa = PBXBuildFile; fileRef = 4E70E58C285A470500771048 /* Main.storyboard */; };
		4E70E590285A470700771048 /* Assets.xcassets in Resources */ = {isa = PBXBuildFile; fileRef = 4E70E58F285A470700771048 /* Assets.xcassets */; };
		4E70E593285A470700771048 /* LaunchScreen.storyboard in Resources */ = {isa = PBXBuildFile; fileRef = 4E70E591285A470700771048 /* LaunchScreen.storyboard */; };
		4E70E596285A470700771048 /* main.m in Sources */ = {isa = PBXBuildFile; fileRef = 4E70E595285A470700771048 /* main.m */; };
		4E70E5A0285A470800771048 /* FlixterTests.m in Sources */ = {isa = PBXBuildFile; fileRef = 4E70E59F285A470800771048 /* FlixterTests.m */; };
		4E70E5AA285A470800771048 /* FlixterUITests.m in Sources */ = {isa = PBXBuildFile; fileRef = 4E70E5A9285A470800771048 /* FlixterUITests.m */; };
		4E70E5AC285A470800771048 /* FlixterUITestsLaunchTests.m in Sources */ = {isa = PBXBuildFile; fileRef = 4E70E5AB285A470800771048 /* FlixterUITestsLaunchTests.m */; };
		4E70E5BA285A4CE900771048 /* FlixViewController.m in Sources */ = {isa = PBXBuildFile; fileRef = 4E70E5B9285A4CE900771048 /* FlixViewController.m */; };
		4E70E5C0285A816200771048 /* CustomCell.m in Sources */ = {isa = PBXBuildFile; fileRef = 4E70E5BF285A816200771048 /* CustomCell.m */; };
		4E738CFA285BA5AA00BC3701 /* DetailsViewController.m in Sources */ = {isa = PBXBuildFile; fileRef = 4E738CF9285BA5AA00BC3701 /* DetailsViewController.m */; };
		4E738D00285BD80500BC3701 /* FlixCollViewController.m in Sources */ = {isa = PBXBuildFile; fileRef = 4E738CFF285BD80500BC3701 /* FlixCollViewController.m */; };
		4E738D03285BED0100BC3701 /* CustomGridCell.m in Sources */ = {isa = PBXBuildFile; fileRef = 4E738D02285BED0100BC3701 /* CustomGridCell.m */; };
		8FCC35A47010DD22031F921A /* Pods_Flixter_FlixterUITests.framework in Frameworks */ = {isa = PBXBuildFile; fileRef = 0FF35ED62B9BA2829C33BE77 /* Pods_Flixter_FlixterUITests.framework */; };
		ACC1DE36E9B7A3704CC6ED80 /* Pods_Flixter.framework in Frameworks */ = {isa = PBXBuildFile; fileRef = A25C9C45F4AEAB27CED5BE84 /* Pods_Flixter.framework */; };
/* End PBXBuildFile section */

/* Begin PBXContainerItemProxy section */
		4E70E59C285A470800771048 /* PBXContainerItemProxy */ = {
			isa = PBXContainerItemProxy;
			containerPortal = 4E70E578285A470500771048 /* Project object */;
			proxyType = 1;
			remoteGlobalIDString = 4E70E57F285A470500771048;
			remoteInfo = Flixter;
		};
		4E70E5A6285A470800771048 /* PBXContainerItemProxy */ = {
			isa = PBXContainerItemProxy;
			containerPortal = 4E70E578285A470500771048 /* Project object */;
			proxyType = 1;
			remoteGlobalIDString = 4E70E57F285A470500771048;
			remoteInfo = Flixter;
		};
/* End PBXContainerItemProxy section */

/* Begin PBXFileReference section */
		0FF35ED62B9BA2829C33BE77 /* Pods_Flixter_FlixterUITests.framework */ = {isa = PBXFileReference; explicitFileType = wrapper.framework; includeInIndex = 0; path = Pods_Flixter_FlixterUITests.framework; sourceTree = BUILT_PRODUCTS_DIR; };
		4E70E580285A470500771048 /* Flixter.app */ = {isa = PBXFileReference; explicitFileType = wrapper.application; includeInIndex = 0; path = Flixter.app; sourceTree = BUILT_PRODUCTS_DIR; };
		4E70E583285A470500771048 /* AppDelegate.h */ = {isa = PBXFileReference; lastKnownFileType = sourcecode.c.h; path = AppDelegate.h; sourceTree = "<group>"; };
		4E70E584285A470500771048 /* AppDelegate.m */ = {isa = PBXFileReference; lastKnownFileType = sourcecode.c.objc; path = AppDelegate.m; sourceTree = "<group>"; };
		4E70E586285A470500771048 /* SceneDelegate.h */ = {isa = PBXFileReference; lastKnownFileType = sourcecode.c.h; path = SceneDelegate.h; sourceTree = "<group>"; };
		4E70E587285A470500771048 /* SceneDelegate.m */ = {isa = PBXFileReference; lastKnownFileType = sourcecode.c.objc; path = SceneDelegate.m; sourceTree = "<group>"; };
		4E70E58D285A470500771048 /* Base */ = {isa = PBXFileReference; lastKnownFileType = file.storyboard; name = Base; path = Base.lproj/Main.storyboard; sourceTree = "<group>"; };
		4E70E58F285A470700771048 /* Assets.xcassets */ = {isa = PBXFileReference; lastKnownFileType = folder.assetcatalog; path = Assets.xcassets; sourceTree = "<group>"; };
		4E70E592285A470700771048 /* Base */ = {isa = PBXFileReference; lastKnownFileType = file.storyboard; name = Base; path = Base.lproj/LaunchScreen.storyboard; sourceTree = "<group>"; };
		4E70E594285A470700771048 /* Info.plist */ = {isa = PBXFileReference; lastKnownFileType = text.plist.xml; path = Info.plist; sourceTree = "<group>"; };
		4E70E595285A470700771048 /* main.m */ = {isa = PBXFileReference; lastKnownFileType = sourcecode.c.objc; path = main.m; sourceTree = "<group>"; };
		4E70E59B285A470800771048 /* FlixterTests.xctest */ = {isa = PBXFileReference; explicitFileType = wrapper.cfbundle; includeInIndex = 0; path = FlixterTests.xctest; sourceTree = BUILT_PRODUCTS_DIR; };
		4E70E59F285A470800771048 /* FlixterTests.m */ = {isa = PBXFileReference; lastKnownFileType = sourcecode.c.objc; path = FlixterTests.m; sourceTree = "<group>"; };
		4E70E5A5285A470800771048 /* FlixterUITests.xctest */ = {isa = PBXFileReference; explicitFileType = wrapper.cfbundle; includeInIndex = 0; path = FlixterUITests.xctest; sourceTree = BUILT_PRODUCTS_DIR; };
		4E70E5A9285A470800771048 /* FlixterUITests.m */ = {isa = PBXFileReference; lastKnownFileType = sourcecode.c.objc; path = FlixterUITests.m; sourceTree = "<group>"; };
		4E70E5AB285A470800771048 /* FlixterUITestsLaunchTests.m */ = {isa = PBXFileReference; lastKnownFileType = sourcecode.c.objc; path = FlixterUITestsLaunchTests.m; sourceTree = "<group>"; };
		4E70E5B8285A4CE900771048 /* FlixViewController.h */ = {isa = PBXFileReference; lastKnownFileType = sourcecode.c.h; path = FlixViewController.h; sourceTree = "<group>"; };
		4E70E5B9285A4CE900771048 /* FlixViewController.m */ = {isa = PBXFileReference; lastKnownFileType = sourcecode.c.objc; path = FlixViewController.m; sourceTree = "<group>"; };
		4E70E5BE285A816200771048 /* CustomCell.h */ = {isa = PBXFileReference; lastKnownFileType = sourcecode.c.h; path = CustomCell.h; sourceTree = "<group>"; };
		4E70E5BF285A816200771048 /* CustomCell.m */ = {isa = PBXFileReference; lastKnownFileType = sourcecode.c.objc; path = CustomCell.m; sourceTree = "<group>"; };
		4E738CF8285BA5AA00BC3701 /* DetailsViewController.h */ = {isa = PBXFileReference; lastKnownFileType = sourcecode.c.h; path = DetailsViewController.h; sourceTree = "<group>"; };
		4E738CF9285BA5AA00BC3701 /* DetailsViewController.m */ = {isa = PBXFileReference; lastKnownFileType = sourcecode.c.objc; path = DetailsViewController.m; sourceTree = "<group>"; };
		4E738CFE285BD80500BC3701 /* FlixCollViewController.h */ = {isa = PBXFileReference; lastKnownFileType = sourcecode.c.h; path = FlixCollViewController.h; sourceTree = "<group>"; };
		4E738CFF285BD80500BC3701 /* FlixCollViewController.m */ = {isa = PBXFileReference; lastKnownFileType = sourcecode.c.objc; path = FlixCollViewController.m; sourceTree = "<group>"; };
		4E738D01285BED0100BC3701 /* CustomGridCell.h */ = {isa = PBXFileReference; lastKnownFileType = sourcecode.c.h; path = CustomGridCell.h; sourceTree = "<group>"; };
		4E738D02285BED0100BC3701 /* CustomGridCell.m */ = {isa = PBXFileReference; lastKnownFileType = sourcecode.c.objc; path = CustomGridCell.m; sourceTree = "<group>"; };
		6707CBD7E3205914D6EF98CA /* Pods-Flixter.release.xcconfig */ = {isa = PBXFileReference; includeInIndex = 1; lastKnownFileType = text.xcconfig; name = "Pods-Flixter.release.xcconfig"; path = "Target Support Files/Pods-Flixter/Pods-Flixter.release.xcconfig"; sourceTree = "<group>"; };
		72107242B113A7BD6B8B51ED /* Pods-Flixter-FlixterUITests.release.xcconfig */ = {isa = PBXFileReference; includeInIndex = 1; lastKnownFileType = text.xcconfig; name = "Pods-Flixter-FlixterUITests.release.xcconfig"; path = "Target Support Files/Pods-Flixter-FlixterUITests/Pods-Flixter-FlixterUITests.release.xcconfig"; sourceTree = "<group>"; };
		7C76DD303281A123EF6618DD /* Pods-Flixter.debug.xcconfig */ = {isa = PBXFileReference; includeInIndex = 1; lastKnownFileType = text.xcconfig; name = "Pods-Flixter.debug.xcconfig"; path = "Target Support Files/Pods-Flixter/Pods-Flixter.debug.xcconfig"; sourceTree = "<group>"; };
		8A99AE8E417D1B6B0349AA9A /* Pods-Flixter-FlixterUITests.debug.xcconfig */ = {isa = PBXFileReference; includeInIndex = 1; lastKnownFileType = text.xcconfig; name = "Pods-Flixter-FlixterUITests.debug.xcconfig"; path = "Target Support Files/Pods-Flixter-FlixterUITests/Pods-Flixter-FlixterUITests.debug.xcconfig"; sourceTree = "<group>"; };
		9605795E2C6DFF8DEFEC75BC /* Pods_FlixterTests.framework */ = {isa = PBXFileReference; explicitFileType = wrapper.framework; includeInIndex = 0; path = Pods_FlixterTests.framework; sourceTree = BUILT_PRODUCTS_DIR; };
		A25C9C45F4AEAB27CED5BE84 /* Pods_Flixter.framework */ = {isa = PBXFileReference; explicitFileType = wrapper.framework; includeInIndex = 0; path = Pods_Flixter.framework; sourceTree = BUILT_PRODUCTS_DIR; };
		C3E5A8214D7D198A5E403060 /* Pods-FlixterTests.release.xcconfig */ = {isa = PBXFileReference; includeInIndex = 1; lastKnownFileType = text.xcconfig; name = "Pods-FlixterTests.release.xcconfig"; path = "Target Support Files/Pods-FlixterTests/Pods-FlixterTests.release.xcconfig"; sourceTree = "<group>"; };
		F5BCD75BE8E410AEA3365B14 /* Pods-FlixterTests.debug.xcconfig */ = {isa = PBXFileReference; includeInIndex = 1; lastKnownFileType = text.xcconfig; name = "Pods-FlixterTests.debug.xcconfig"; path = "Target Support Files/Pods-FlixterTests/Pods-FlixterTests.debug.xcconfig"; sourceTree = "<group>"; };
/* End PBXFileReference section */

/* Begin PBXFrameworksBuildPhase section */
		4E70E57D285A470500771048 /* Frameworks */ = {
			isa = PBXFrameworksBuildPhase;
			buildActionMask = 2147483647;
			files = (
				ACC1DE36E9B7A3704CC6ED80 /* Pods_Flixter.framework in Frameworks */,
			);
			runOnlyForDeploymentPostprocessing = 0;
		};
		4E70E598285A470800771048 /* Frameworks */ = {
			isa = PBXFrameworksBuildPhase;
			buildActionMask = 2147483647;
			files = (
				42F51CF2A5B604579C721C72 /* Pods_FlixterTests.framework in Frameworks */,
			);
			runOnlyForDeploymentPostprocessing = 0;
		};
		4E70E5A2285A470800771048 /* Frameworks */ = {
			isa = PBXFrameworksBuildPhase;
			buildActionMask = 2147483647;
			files = (
				8FCC35A47010DD22031F921A /* Pods_Flixter_FlixterUITests.framework in Frameworks */,
			);
			runOnlyForDeploymentPostprocessing = 0;
		};
/* End PBXFrameworksBuildPhase section */

/* Begin PBXGroup section */
		14CAFC4F6347D38AF99893DB /* Pods */ = {
			isa = PBXGroup;
			children = (
				7C76DD303281A123EF6618DD /* Pods-Flixter.debug.xcconfig */,
				6707CBD7E3205914D6EF98CA /* Pods-Flixter.release.xcconfig */,
				8A99AE8E417D1B6B0349AA9A /* Pods-Flixter-FlixterUITests.debug.xcconfig */,
				72107242B113A7BD6B8B51ED /* Pods-Flixter-FlixterUITests.release.xcconfig */,
				F5BCD75BE8E410AEA3365B14 /* Pods-FlixterTests.debug.xcconfig */,
				C3E5A8214D7D198A5E403060 /* Pods-FlixterTests.release.xcconfig */,
			);
			path = Pods;
			sourceTree = "<group>";
		};
		4E70E577285A470500771048 = {
			isa = PBXGroup;
			children = (
				4E70E582285A470500771048 /* Flixter */,
				4E70E59E285A470800771048 /* FlixterTests */,
				4E70E5A8285A470800771048 /* FlixterUITests */,
				4E70E581285A470500771048 /* Products */,
				14CAFC4F6347D38AF99893DB /* Pods */,
				9CD57BD39A89745B9E0FE129 /* Frameworks */,
			);
			sourceTree = "<group>";
		};
		4E70E581285A470500771048 /* Products */ = {
			isa = PBXGroup;
			children = (
				4E70E580285A470500771048 /* Flixter.app */,
				4E70E59B285A470800771048 /* FlixterTests.xctest */,
				4E70E5A5285A470800771048 /* FlixterUITests.xctest */,
			);
			name = Products;
			sourceTree = "<group>";
		};
		4E70E582285A470500771048 /* Flixter */ = {
			isa = PBXGroup;
			children = (
				4E70E583285A470500771048 /* AppDelegate.h */,
				4E70E584285A470500771048 /* AppDelegate.m */,
				4E70E586285A470500771048 /* SceneDelegate.h */,
				4E70E587285A470500771048 /* SceneDelegate.m */,
				4E70E58C285A470500771048 /* Main.storyboard */,
				4E738D01285BED0100BC3701 /* CustomGridCell.h */,
				4E738D02285BED0100BC3701 /* CustomGridCell.m */,
				4E738CFE285BD80500BC3701 /* FlixCollViewController.h */,
				4E738CFF285BD80500BC3701 /* FlixCollViewController.m */,
				4E738CF8285BA5AA00BC3701 /* DetailsViewController.h */,
				4E738CF9285BA5AA00BC3701 /* DetailsViewController.m */,
				4E70E5BE285A816200771048 /* CustomCell.h */,
				4E70E5BF285A816200771048 /* CustomCell.m */,
				4E70E5B8285A4CE900771048 /* FlixViewController.h */,
				4E70E5B9285A4CE900771048 /* FlixViewController.m */,
				4E70E58F285A470700771048 /* Assets.xcassets */,
				4E70E591285A470700771048 /* LaunchScreen.storyboard */,
				4E70E594285A470700771048 /* Info.plist */,
				4E70E595285A470700771048 /* main.m */,
			);
			path = Flixter;
			sourceTree = "<group>";
		};
		4E70E59E285A470800771048 /* FlixterTests */ = {
			isa = PBXGroup;
			children = (
				4E70E59F285A470800771048 /* FlixterTests.m */,
			);
			path = FlixterTests;
			sourceTree = "<group>";
		};
		4E70E5A8285A470800771048 /* FlixterUITests */ = {
			isa = PBXGroup;
			children = (
				4E70E5A9285A470800771048 /* FlixterUITests.m */,
				4E70E5AB285A470800771048 /* FlixterUITestsLaunchTests.m */,
			);
			path = FlixterUITests;
			sourceTree = "<group>";
		};
		9CD57BD39A89745B9E0FE129 /* Frameworks */ = {
			isa = PBXGroup;
			children = (
				A25C9C45F4AEAB27CED5BE84 /* Pods_Flixter.framework */,
				0FF35ED62B9BA2829C33BE77 /* Pods_Flixter_FlixterUITests.framework */,
				9605795E2C6DFF8DEFEC75BC /* Pods_FlixterTests.framework */,
			);
			name = Frameworks;
			sourceTree = "<group>";
		};
/* End PBXGroup section */

/* Begin PBXNativeTarget section */
		4E70E57F285A470500771048 /* Flixter */ = {
			isa = PBXNativeTarget;
			buildConfigurationList = 4E70E5AF285A470800771048 /* Build configuration list for PBXNativeTarget "Flixter" */;
			buildPhases = (
				F31ED63B9EE008FEAFD3C78F /* [CP] Check Pods Manifest.lock */,
				4E70E57C285A470500771048 /* Sources */,
				4E70E57D285A470500771048 /* Frameworks */,
				4E70E57E285A470500771048 /* Resources */,
				15252D78A487D87D2CFDD3E6 /* [CP] Embed Pods Frameworks */,
			);
			buildRules = (
			);
			dependencies = (
			);
			name = Flixter;
			productName = Flixter;
			productReference = 4E70E580285A470500771048 /* Flixter.app */;
			productType = "com.apple.product-type.application";
		};
		4E70E59A285A470800771048 /* FlixterTests */ = {
			isa = PBXNativeTarget;
			buildConfigurationList = 4E70E5B2285A470800771048 /* Build configuration list for PBXNativeTarget "FlixterTests" */;
			buildPhases = (
				792E91A3155BA3517951BE0C /* [CP] Check Pods Manifest.lock */,
				4E70E597285A470800771048 /* Sources */,
				4E70E598285A470800771048 /* Frameworks */,
				4E70E599285A470800771048 /* Resources */,
			);
			buildRules = (
			);
			dependencies = (
				4E70E59D285A470800771048 /* PBXTargetDependency */,
			);
			name = FlixterTests;
			productName = FlixterTests;
			productReference = 4E70E59B285A470800771048 /* FlixterTests.xctest */;
			productType = "com.apple.product-type.bundle.unit-test";
		};
		4E70E5A4285A470800771048 /* FlixterUITests */ = {
			isa = PBXNativeTarget;
			buildConfigurationList = 4E70E5B5285A470800771048 /* Build configuration list for PBXNativeTarget "FlixterUITests" */;
			buildPhases = (
				A87BD8C4EEF7EDB999D2AA34 /* [CP] Check Pods Manifest.lock */,
				4E70E5A1285A470800771048 /* Sources */,
				4E70E5A2285A470800771048 /* Frameworks */,
				4E70E5A3285A470800771048 /* Resources */,
				87E2404ADC3FA14C08B92EC7 /* [CP] Embed Pods Frameworks */,
			);
			buildRules = (
			);
			dependencies = (
				4E70E5A7285A470800771048 /* PBXTargetDependency */,
			);
			name = FlixterUITests;
			productName = FlixterUITests;
			productReference = 4E70E5A5285A470800771048 /* FlixterUITests.xctest */;
			productType = "com.apple.product-type.bundle.ui-testing";
		};
/* End PBXNativeTarget section */

/* Begin PBXProject section */
		4E70E578285A470500771048 /* Project object */ = {
			isa = PBXProject;
			attributes = {
				BuildIndependentTargetsInParallel = 1;
				LastUpgradeCheck = 1340;
				TargetAttributes = {
					4E70E57F285A470500771048 = {
						CreatedOnToolsVersion = 13.4.1;
					};
					4E70E59A285A470800771048 = {
						CreatedOnToolsVersion = 13.4.1;
						TestTargetID = 4E70E57F285A470500771048;
					};
					4E70E5A4285A470800771048 = {
						CreatedOnToolsVersion = 13.4.1;
						TestTargetID = 4E70E57F285A470500771048;
					};
				};
			};
			buildConfigurationList = 4E70E57B285A470500771048 /* Build configuration list for PBXProject "Flixter" */;
			compatibilityVersion = "Xcode 13.0";
			developmentRegion = en;
			hasScannedForEncodings = 0;
			knownRegions = (
				en,
				Base,
			);
			mainGroup = 4E70E577285A470500771048;
			productRefGroup = 4E70E581285A470500771048 /* Products */;
			projectDirPath = "";
			projectRoot = "";
			targets = (
				4E70E57F285A470500771048 /* Flixter */,
				4E70E59A285A470800771048 /* FlixterTests */,
				4E70E5A4285A470800771048 /* FlixterUITests */,
			);
		};
/* End PBXProject section */

/* Begin PBXResourcesBuildPhase section */
		4E70E57E285A470500771048 /* Resources */ = {
			isa = PBXResourcesBuildPhase;
			buildActionMask = 2147483647;
			files = (
				4E70E593285A470700771048 /* LaunchScreen.storyboard in Resources */,
				4E70E590285A470700771048 /* Assets.xcassets in Resources */,
				4E70E58E285A470500771048 /* Main.storyboard in Resources */,
			);
			runOnlyForDeploymentPostprocessing = 0;
		};
		4E70E599285A470800771048 /* Resources */ = {
			isa = PBXResourcesBuildPhase;
			buildActionMask = 2147483647;
			files = (
			);
			runOnlyForDeploymentPostprocessing = 0;
		};
		4E70E5A3285A470800771048 /* Resources */ = {
			isa = PBXResourcesBuildPhase;
			buildActionMask = 2147483647;
			files = (
			);
			runOnlyForDeploymentPostprocessing = 0;
		};
/* End PBXResourcesBuildPhase section */

/* Begin PBXShellScriptBuildPhase section */
		15252D78A487D87D2CFDD3E6 /* [CP] Embed Pods Frameworks */ = {
			isa = PBXShellScriptBuildPhase;
			buildActionMask = 2147483647;
			files = (
			);
			inputFileListPaths = (
				"${PODS_ROOT}/Target Support Files/Pods-Flixter/Pods-Flixter-frameworks-${CONFIGURATION}-input-files.xcfilelist",
			);
			name = "[CP] Embed Pods Frameworks";
			outputFileListPaths = (
				"${PODS_ROOT}/Target Support Files/Pods-Flixter/Pods-Flixter-frameworks-${CONFIGURATION}-output-files.xcfilelist",
			);
			runOnlyForDeploymentPostprocessing = 0;
			shellPath = /bin/sh;
			shellScript = "\"${PODS_ROOT}/Target Support Files/Pods-Flixter/Pods-Flixter-frameworks.sh\"\n";
			showEnvVarsInLog = 0;
		};
		792E91A3155BA3517951BE0C /* [CP] Check Pods Manifest.lock */ = {
			isa = PBXShellScriptBuildPhase;
			buildActionMask = 2147483647;
			files = (
			);
			inputFileListPaths = (
			);
			inputPaths = (
				"${PODS_PODFILE_DIR_PATH}/Podfile.lock",
				"${PODS_ROOT}/Manifest.lock",
			);
			name = "[CP] Check Pods Manifest.lock";
			outputFileListPaths = (
			);
			outputPaths = (
				"$(DERIVED_FILE_DIR)/Pods-FlixterTests-checkManifestLockResult.txt",
			);
			runOnlyForDeploymentPostprocessing = 0;
			shellPath = /bin/sh;
			shellScript = "diff \"${PODS_PODFILE_DIR_PATH}/Podfile.lock\" \"${PODS_ROOT}/Manifest.lock\" > /dev/null\nif [ $? != 0 ] ; then\n    # print error to STDERR\n    echo \"error: The sandbox is not in sync with the Podfile.lock. Run 'pod install' or update your CocoaPods installation.\" >&2\n    exit 1\nfi\n# This output is used by Xcode 'outputs' to avoid re-running this script phase.\necho \"SUCCESS\" > \"${SCRIPT_OUTPUT_FILE_0}\"\n";
			showEnvVarsInLog = 0;
		};
		87E2404ADC3FA14C08B92EC7 /* [CP] Embed Pods Frameworks */ = {
			isa = PBXShellScriptBuildPhase;
			buildActionMask = 2147483647;
			files = (
			);
			inputFileListPaths = (
				"${PODS_ROOT}/Target Support Files/Pods-Flixter-FlixterUITests/Pods-Flixter-FlixterUITests-frameworks-${CONFIGURATION}-input-files.xcfilelist",
			);
			name = "[CP] Embed Pods Frameworks";
			outputFileListPaths = (
				"${PODS_ROOT}/Target Support Files/Pods-Flixter-FlixterUITests/Pods-Flixter-FlixterUITests-frameworks-${CONFIGURATION}-output-files.xcfilelist",
			);
			runOnlyForDeploymentPostprocessing = 0;
			shellPath = /bin/sh;
			shellScript = "\"${PODS_ROOT}/Target Support Files/Pods-Flixter-FlixterUITests/Pods-Flixter-FlixterUITests-frameworks.sh\"\n";
			showEnvVarsInLog = 0;
		};
		A87BD8C4EEF7EDB999D2AA34 /* [CP] Check Pods Manifest.lock */ = {
			isa = PBXShellScriptBuildPhase;
			buildActionMask = 2147483647;
			files = (
			);
			inputFileListPaths = (
			);
			inputPaths = (
				"${PODS_PODFILE_DIR_PATH}/Podfile.lock",
				"${PODS_ROOT}/Manifest.lock",
			);
			name = "[CP] Check Pods Manifest.lock";
			outputFileListPaths = (
			);
			outputPaths = (
				"$(DERIVED_FILE_DIR)/Pods-Flixter-FlixterUITests-checkManifestLockResult.txt",
			);
			runOnlyForDeploymentPostprocessing = 0;
			shellPath = /bin/sh;
			shellScript = "diff \"${PODS_PODFILE_DIR_PATH}/Podfile.lock\" \"${PODS_ROOT}/Manifest.lock\" > /dev/null\nif [ $? != 0 ] ; then\n    # print error to STDERR\n    echo \"error: The sandbox is not in sync with the Podfile.lock. Run 'pod install' or update your CocoaPods installation.\" >&2\n    exit 1\nfi\n# This output is used by Xcode 'outputs' to avoid re-running this script phase.\necho \"SUCCESS\" > \"${SCRIPT_OUTPUT_FILE_0}\"\n";
			showEnvVarsInLog = 0;
		};
		F31ED63B9EE008FEAFD3C78F /* [CP] Check Pods Manifest.lock */ = {
			isa = PBXShellScriptBuildPhase;
			buildActionMask = 2147483647;
			files = (
			);
			inputFileListPaths = (
			);
			inputPaths = (
				"${PODS_PODFILE_DIR_PATH}/Podfile.lock",
				"${PODS_ROOT}/Manifest.lock",
			);
			name = "[CP] Check Pods Manifest.lock";
			outputFileListPaths = (
			);
			outputPaths = (
				"$(DERIVED_FILE_DIR)/Pods-Flixter-checkManifestLockResult.txt",
			);
			runOnlyForDeploymentPostprocessing = 0;
			shellPath = /bin/sh;
			shellScript = "diff \"${PODS_PODFILE_DIR_PATH}/Podfile.lock\" \"${PODS_ROOT}/Manifest.lock\" > /dev/null\nif [ $? != 0 ] ; then\n    # print error to STDERR\n    echo \"error: The sandbox is not in sync with the Podfile.lock. Run 'pod install' or update your CocoaPods installation.\" >&2\n    exit 1\nfi\n# This output is used by Xcode 'outputs' to avoid re-running this script phase.\necho \"SUCCESS\" > \"${SCRIPT_OUTPUT_FILE_0}\"\n";
			showEnvVarsInLog = 0;
		};
/* End PBXShellScriptBuildPhase section */

/* Begin PBXSourcesBuildPhase section */
		4E70E57C285A470500771048 /* Sources */ = {
			isa = PBXSourcesBuildPhase;
			buildActionMask = 2147483647;
			files = (
				4E70E5BA285A4CE900771048 /* FlixViewController.m in Sources */,
				4E70E5C0285A816200771048 /* CustomCell.m in Sources */,
				4E70E585285A470500771048 /* AppDelegate.m in Sources */,
				4E738CFA285BA5AA00BC3701 /* DetailsViewController.m in Sources */,
				4E738D03285BED0100BC3701 /* CustomGridCell.m in Sources */,
				4E70E596285A470700771048 /* main.m in Sources */,
				4E70E588285A470500771048 /* SceneDelegate.m in Sources */,
				4E738D00285BD80500BC3701 /* FlixCollViewController.m in Sources */,
			);
			runOnlyForDeploymentPostprocessing = 0;
		};
		4E70E597285A470800771048 /* Sources */ = {
			isa = PBXSourcesBuildPhase;
			buildActionMask = 2147483647;
			files = (
				4E70E5A0285A470800771048 /* FlixterTests.m in Sources */,
			);
			runOnlyForDeploymentPostprocessing = 0;
		};
		4E70E5A1285A470800771048 /* Sources */ = {
			isa = PBXSourcesBuildPhase;
			buildActionMask = 2147483647;
			files = (
				4E70E5AA285A470800771048 /* FlixterUITests.m in Sources */,
				4E70E5AC285A470800771048 /* FlixterUITestsLaunchTests.m in Sources */,
			);
			runOnlyForDeploymentPostprocessing = 0;
		};
/* End PBXSourcesBuildPhase section */

/* Begin PBXTargetDependency section */
		4E70E59D285A470800771048 /* PBXTargetDependency */ = {
			isa = PBXTargetDependency;
			target = 4E70E57F285A470500771048 /* Flixter */;
			targetProxy = 4E70E59C285A470800771048 /* PBXContainerItemProxy */;
		};
		4E70E5A7285A470800771048 /* PBXTargetDependency */ = {
			isa = PBXTargetDependency;
			target = 4E70E57F285A470500771048 /* Flixter */;
			targetProxy = 4E70E5A6285A470800771048 /* PBXContainerItemProxy */;
		};
/* End PBXTargetDependency section */

/* Begin PBXVariantGroup section */
		4E70E58C285A470500771048 /* Main.storyboard */ = {
			isa = PBXVariantGroup;
			children = (
				4E70E58D285A470500771048 /* Base */,
			);
			name = Main.storyboard;
			sourceTree = "<group>";
		};
		4E70E591285A470700771048 /* LaunchScreen.storyboard */ = {
			isa = PBXVariantGroup;
			children = (
				4E70E592285A470700771048 /* Base */,
			);
			name = LaunchScreen.storyboard;
			sourceTree = "<group>";
		};
/* End PBXVariantGroup section */

/* Begin XCBuildConfiguration section */
		4E70E5AD285A470800771048 /* Debug */ = {
			isa = XCBuildConfiguration;
			buildSettings = {
				ALWAYS_SEARCH_USER_PATHS = NO;
				CLANG_ANALYZER_NONNULL = YES;
				CLANG_ANALYZER_NUMBER_OBJECT_CONVERSION = YES_AGGRESSIVE;
				CLANG_CXX_LANGUAGE_STANDARD = "gnu++17";
				CLANG_ENABLE_MODULES = YES;
				CLANG_ENABLE_OBJC_ARC = YES;
				CLANG_ENABLE_OBJC_WEAK = YES;
				CLANG_WARN_BLOCK_CAPTURE_AUTORELEASING = YES;
				CLANG_WARN_BOOL_CONVERSION = YES;
				CLANG_WARN_COMMA = YES;
				CLANG_WARN_CONSTANT_CONVERSION = YES;
				CLANG_WARN_DEPRECATED_OBJC_IMPLEMENTATIONS = YES;
				CLANG_WARN_DIRECT_OBJC_ISA_USAGE = YES_ERROR;
				CLANG_WARN_DOCUMENTATION_COMMENTS = YES;
				CLANG_WARN_EMPTY_BODY = YES;
				CLANG_WARN_ENUM_CONVERSION = YES;
				CLANG_WARN_INFINITE_RECURSION = YES;
				CLANG_WARN_INT_CONVERSION = YES;
				CLANG_WARN_NON_LITERAL_NULL_CONVERSION = YES;
				CLANG_WARN_OBJC_IMPLICIT_RETAIN_SELF = YES;
				CLANG_WARN_OBJC_LITERAL_CONVERSION = YES;
				CLANG_WARN_OBJC_ROOT_CLASS = YES_ERROR;
				CLANG_WARN_QUOTED_INCLUDE_IN_FRAMEWORK_HEADER = YES;
				CLANG_WARN_RANGE_LOOP_ANALYSIS = YES;
				CLANG_WARN_STRICT_PROTOTYPES = YES;
				CLANG_WARN_SUSPICIOUS_MOVE = YES;
				CLANG_WARN_UNGUARDED_AVAILABILITY = YES_AGGRESSIVE;
				CLANG_WARN_UNREACHABLE_CODE = YES;
				CLANG_WARN__DUPLICATE_METHOD_MATCH = YES;
				COPY_PHASE_STRIP = NO;
				DEBUG_INFORMATION_FORMAT = dwarf;
				ENABLE_STRICT_OBJC_MSGSEND = YES;
				ENABLE_TESTABILITY = YES;
				GCC_C_LANGUAGE_STANDARD = gnu11;
				GCC_DYNAMIC_NO_PIC = NO;
				GCC_NO_COMMON_BLOCKS = YES;
				GCC_OPTIMIZATION_LEVEL = 0;
				GCC_PREPROCESSOR_DEFINITIONS = (
					"DEBUG=1",
					"$(inherited)",
				);
				GCC_WARN_64_TO_32_BIT_CONVERSION = YES;
				GCC_WARN_ABOUT_RETURN_TYPE = YES_ERROR;
				GCC_WARN_UNDECLARED_SELECTOR = YES;
				GCC_WARN_UNINITIALIZED_AUTOS = YES_AGGRESSIVE;
				GCC_WARN_UNUSED_FUNCTION = YES;
				GCC_WARN_UNUSED_VARIABLE = YES;
				IPHONEOS_DEPLOYMENT_TARGET = 15.5;
				MTL_ENABLE_DEBUG_INFO = INCLUDE_SOURCE;
				MTL_FAST_MATH = YES;
				ONLY_ACTIVE_ARCH = YES;
				SDKROOT = iphoneos;
			};
			name = Debug;
		};
		4E70E5AE285A470800771048 /* Release */ = {
			isa = XCBuildConfiguration;
			buildSettings = {
				ALWAYS_SEARCH_USER_PATHS = NO;
				CLANG_ANALYZER_NONNULL = YES;
				CLANG_ANALYZER_NUMBER_OBJECT_CONVERSION = YES_AGGRESSIVE;
				CLANG_CXX_LANGUAGE_STANDARD = "gnu++17";
				CLANG_ENABLE_MODULES = YES;
				CLANG_ENABLE_OBJC_ARC = YES;
				CLANG_ENABLE_OBJC_WEAK = YES;
				CLANG_WARN_BLOCK_CAPTURE_AUTORELEASING = YES;
				CLANG_WARN_BOOL_CONVERSION = YES;
				CLANG_WARN_COMMA = YES;
				CLANG_WARN_CONSTANT_CONVERSION = YES;
				CLANG_WARN_DEPRECATED_OBJC_IMPLEMENTATIONS = YES;
				CLANG_WARN_DIRECT_OBJC_ISA_USAGE = YES_ERROR;
				CLANG_WARN_DOCUMENTATION_COMMENTS = YES;
				CLANG_WARN_EMPTY_BODY = YES;
				CLANG_WARN_ENUM_CONVERSION = YES;
				CLANG_WARN_INFINITE_RECURSION = YES;
				CLANG_WARN_INT_CONVERSION = YES;
				CLANG_WARN_NON_LITERAL_NULL_CONVERSION = YES;
				CLANG_WARN_OBJC_IMPLICIT_RETAIN_SELF = YES;
				CLANG_WARN_OBJC_LITERAL_CONVERSION = YES;
				CLANG_WARN_OBJC_ROOT_CLASS = YES_ERROR;
				CLANG_WARN_QUOTED_INCLUDE_IN_FRAMEWORK_HEADER = YES;
				CLANG_WARN_RANGE_LOOP_ANALYSIS = YES;
				CLANG_WARN_STRICT_PROTOTYPES = YES;
				CLANG_WARN_SUSPICIOUS_MOVE = YES;
				CLANG_WARN_UNGUARDED_AVAILABILITY = YES_AGGRESSIVE;
				CLANG_WARN_UNREACHABLE_CODE = YES;
				CLANG_WARN__DUPLICATE_METHOD_MATCH = YES;
				COPY_PHASE_STRIP = NO;
				DEBUG_INFORMATION_FORMAT = "dwarf-with-dsym";
				ENABLE_NS_ASSERTIONS = NO;
				ENABLE_STRICT_OBJC_MSGSEND = YES;
				GCC_C_LANGUAGE_STANDARD = gnu11;
				GCC_NO_COMMON_BLOCKS = YES;
				GCC_WARN_64_TO_32_BIT_CONVERSION = YES;
				GCC_WARN_ABOUT_RETURN_TYPE = YES_ERROR;
				GCC_WARN_UNDECLARED_SELECTOR = YES;
				GCC_WARN_UNINITIALIZED_AUTOS = YES_AGGRESSIVE;
				GCC_WARN_UNUSED_FUNCTION = YES;
				GCC_WARN_UNUSED_VARIABLE = YES;
				IPHONEOS_DEPLOYMENT_TARGET = 15.5;
				MTL_ENABLE_DEBUG_INFO = NO;
				MTL_FAST_MATH = YES;
				SDKROOT = iphoneos;
				VALIDATE_PRODUCT = YES;
			};
			name = Release;
		};
		4E70E5B0285A470800771048 /* Debug */ = {
			isa = XCBuildConfiguration;
			baseConfigurationReference = 7C76DD303281A123EF6618DD /* Pods-Flixter.debug.xcconfig */;
			buildSettings = {
				ASSETCATALOG_COMPILER_APPICON_NAME = AppIcon;
				ASSETCATALOG_COMPILER_GLOBAL_ACCENT_COLOR_NAME = AccentColor;
				CODE_SIGN_STYLE = Automatic;
				CURRENT_PROJECT_VERSION = 1;
				DEVELOPMENT_TEAM = 37QBJHTCRH;
				GENERATE_INFOPLIST_FILE = YES;
				INFOPLIST_FILE = Flixter/Info.plist;
				INFOPLIST_KEY_UIApplicationSupportsIndirectInputEvents = YES;
				INFOPLIST_KEY_UILaunchStoryboardName = LaunchScreen;
				INFOPLIST_KEY_UIMainStoryboardFile = Main;
				INFOPLIST_KEY_UISupportedInterfaceOrientations_iPad = "UIInterfaceOrientationPortrait UIInterfaceOrientationPortraitUpsideDown UIInterfaceOrientationLandscapeLeft UIInterfaceOrientationLandscapeRight";
				INFOPLIST_KEY_UISupportedInterfaceOrientations_iPhone = "UIInterfaceOrientationPortrait UIInterfaceOrientationLandscapeLeft UIInterfaceOrientationLandscapeRight";
				LD_RUNPATH_SEARCH_PATHS = (
					"$(inherited)",
					"@executable_path/Frameworks",
				);
				MARKETING_VERSION = 1.0;
				PRODUCT_BUNDLE_IDENTIFIER = com.rhomboic.Flixter;
				PRODUCT_NAME = "$(TARGET_NAME)";
				SWIFT_EMIT_LOC_STRINGS = YES;
				TARGETED_DEVICE_FAMILY = "1,2";
			};
			name = Debug;
		};
		4E70E5B1285A470800771048 /* Release */ = {
			isa = XCBuildConfiguration;
			baseConfigurationReference = 6707CBD7E3205914D6EF98CA /* Pods-Flixter.release.xcconfig */;
			buildSettings = {
				ASSETCATALOG_COMPILER_APPICON_NAME = AppIcon;
				ASSETCATALOG_COMPILER_GLOBAL_ACCENT_COLOR_NAME = AccentColor;
				CODE_SIGN_STYLE = Automatic;
				CURRENT_PROJECT_VERSION = 1;
				DEVELOPMENT_TEAM = 37QBJHTCRH;
				GENERATE_INFOPLIST_FILE = YES;
				INFOPLIST_FILE = Flixter/Info.plist;
				INFOPLIST_KEY_UIApplicationSupportsIndirectInputEvents = YES;
				INFOPLIST_KEY_UILaunchStoryboardName = LaunchScreen;
				INFOPLIST_KEY_UIMainStoryboardFile = Main;
				INFOPLIST_KEY_UISupportedInterfaceOrientations_iPad = "UIInterfaceOrientationPortrait UIInterfaceOrientationPortraitUpsideDown UIInterfaceOrientationLandscapeLeft UIInterfaceOrientationLandscapeRight";
				INFOPLIST_KEY_UISupportedInterfaceOrientations_iPhone = "UIInterfaceOrientationPortrait UIInterfaceOrientationLandscapeLeft UIInterfaceOrientationLandscapeRight";
				LD_RUNPATH_SEARCH_PATHS = (
					"$(inherited)",
					"@executable_path/Frameworks",
				);
				MARKETING_VERSION = 1.0;
				PRODUCT_BUNDLE_IDENTIFIER = com.rhomboic.Flixter;
				PRODUCT_NAME = "$(TARGET_NAME)";
				SWIFT_EMIT_LOC_STRINGS = YES;
				TARGETED_DEVICE_FAMILY = "1,2";
			};
			name = Release;
		};
		4E70E5B3285A470800771048 /* Debug */ = {
			isa = XCBuildConfiguration;
			baseConfigurationReference = F5BCD75BE8E410AEA3365B14 /* Pods-FlixterTests.debug.xcconfig */;
			buildSettings = {
				BUNDLE_LOADER = "$(TEST_HOST)";
				CODE_SIGN_STYLE = Automatic;
				CURRENT_PROJECT_VERSION = 1;
				DEVELOPMENT_TEAM = 37QBJHTCRH;
				GENERATE_INFOPLIST_FILE = YES;
				IPHONEOS_DEPLOYMENT_TARGET = 15.5;
				MARKETING_VERSION = 1.0;
				PRODUCT_BUNDLE_IDENTIFIER = com.rhomboic.FlixterTests;
				PRODUCT_NAME = "$(TARGET_NAME)";
				SWIFT_EMIT_LOC_STRINGS = NO;
				TARGETED_DEVICE_FAMILY = "1,2";
				TEST_HOST = "$(BUILT_PRODUCTS_DIR)/Flixter.app/Flixter";
			};
			name = Debug;
		};
		4E70E5B4285A470800771048 /* Release */ = {
			isa = XCBuildConfiguration;
			baseConfigurationReference = C3E5A8214D7D198A5E403060 /* Pods-FlixterTests.release.xcconfig */;
			buildSettings = {
				BUNDLE_LOADER = "$(TEST_HOST)";
				CODE_SIGN_STYLE = Automatic;
				CURRENT_PROJECT_VERSION = 1;
				DEVELOPMENT_TEAM = 37QBJHTCRH;
				GENERATE_INFOPLIST_FILE = YES;
				IPHONEOS_DEPLOYMENT_TARGET = 15.5;
				MARKETING_VERSION = 1.0;
				PRODUCT_BUNDLE_IDENTIFIER = com.rhomboic.FlixterTests;
				PRODUCT_NAME = "$(TARGET_NAME)";
				SWIFT_EMIT_LOC_STRINGS = NO;
				TARGETED_DEVICE_FAMILY = "1,2";
				TEST_HOST = "$(BUILT_PRODUCTS_DIR)/Flixter.app/Flixter";
			};
			name = Release;
		};
		4E70E5B6285A470800771048 /* Debug */ = {
			isa = XCBuildConfiguration;
			baseConfigurationReference = 8A99AE8E417D1B6B0349AA9A /* Pods-Flixter-FlixterUITests.debug.xcconfig */;
			buildSettings = {
				CODE_SIGN_STYLE = Automatic;
				CURRENT_PROJECT_VERSION = 1;
				DEVELOPMENT_TEAM = 37QBJHTCRH;
				GENERATE_INFOPLIST_FILE = YES;
				MARKETING_VERSION = 1.0;
				PRODUCT_BUNDLE_IDENTIFIER = com.rhomboic.FlixterUITests;
				PRODUCT_NAME = "$(TARGET_NAME)";
				SWIFT_EMIT_LOC_STRINGS = NO;
				TARGETED_DEVICE_FAMILY = "1,2";
				TEST_TARGET_NAME = Flixter;
			};
			name = Debug;
		};
		4E70E5B7285A470800771048 /* Release */ = {
			isa = XCBuildConfiguration;
			baseConfigurationReference = 72107242B113A7BD6B8B51ED /* Pods-Flixter-FlixterUITests.release.xcconfig */;
			buildSettings = {
				CODE_SIGN_STYLE = Automatic;
				CURRENT_PROJECT_VERSION = 1;
				DEVELOPMENT_TEAM = 37QBJHTCRH;
				GENERATE_INFOPLIST_FILE = YES;
				MARKETING_VERSION = 1.0;
				PRODUCT_BUNDLE_IDENTIFIER = com.rhomboic.FlixterUITests;
				PRODUCT_NAME = "$(TARGET_NAME)";
				SWIFT_EMIT_LOC_STRINGS = NO;
				TARGETED_DEVICE_FAMILY = "1,2";
				TEST_TARGET_NAME = Flixter;
			};
			name = Release;
		};
/* End XCBuildConfiguration section */

/* Begin XCConfigurationList section */
		4E70E57B285A470500771048 /* Build configuration list for PBXProject "Flixter" */ = {
			isa = XCConfigurationList;
			buildConfigurations = (
				4E70E5AD285A470800771048 /* Debug */,
				4E70E5AE285A470800771048 /* Release */,
			);
			defaultConfigurationIsVisible = 0;
			defaultConfigurationName = Release;
		};
		4E70E5AF285A470800771048 /* Build configuration list for PBXNativeTarget "Flixter" */ = {
			isa = XCConfigurationList;
			buildConfigurations = (
				4E70E5B0285A470800771048 /* Debug */,
				4E70E5B1285A470800771048 /* Release */,
			);
			defaultConfigurationIsVisible = 0;
			defaultConfigurationName = Release;
		};
		4E70E5B2285A470800771048 /* Build configuration list for PBXNativeTarget "FlixterTests" */ = {
			isa = XCConfigurationList;
			buildConfigurations = (
				4E70E5B3285A470800771048 /* Debug */,
				4E70E5B4285A470800771048 /* Release */,
			);
			defaultConfigurationIsVisible = 0;
			defaultConfigurationName = Release;
		};
		4E70E5B5285A470800771048 /* Build configuration list for PBXNativeTarget "FlixterUITests" */ = {
			isa = XCConfigurationList;
			buildConfigurations = (
				4E70E5B6285A470800771048 /* Debug */,
				4E70E5B7285A470800771048 /* Release */,
			);
			defaultConfigurationIsVisible = 0;
			defaultConfigurationName = Release;
		};
/* End XCConfigurationList section */
	};
	rootObject = 4E70E578285A470500771048 /* Project object */;
}
